
Microsoft Visual Studio Solution File, Format Version 12.00
# Visual Studio 14
VisualStudioVersion = 14.0.24720.0
MinimumVisualStudioVersion = 10.0.40219.1
Project("{00D1A9C2-B5F0-4AF3-8072-F6C62B433612}") = "oneRealTrueTireBiz", "oneRealTrueTireBiz\oneRealTrueTireBiz.sqlproj", "{47582663-011B-4682-9D48-B9E5B597E5AB}"
EndProject
Project("{FAE04EC0-301F-11D3-BF4B-00C04F79EFBC}") = "frontmiddleend", "frontmiddleend\frontmiddleend.csproj", "{B8CF03BC-0DDB-439C-AF78-8DB49A06CB73}"
EndProject
Global
	GlobalSection(SolutionConfigurationPlatforms) = preSolution
		Debug|Any CPU = Debug|Any CPU
		Release|Any CPU = Release|Any CPU
	EndGlobalSection
	GlobalSection(ProjectConfigurationPlatforms) = postSolution
		{47582663-011B-4682-9D48-B9E5B597E5AB}.Debug|Any CPU.ActiveCfg = Debug|Any CPU
		{47582663-011B-4682-9D48-B9E5B597E5AB}.Debug|Any CPU.Build.0 = Debug|Any CPU
		{47582663-011B-4682-9D48-B9E5B597E5AB}.Debug|Any CPU.Deploy.0 = Debug|Any CPU
		{47582663-011B-4682-9D48-B9E5B597E5AB}.Release|Any CPU.ActiveCfg = Release|Any CPU
		{47582663-011B-4682-9D48-B9E5B597E5AB}.Release|Any CPU.Build.0 = Release|Any CPU
		{47582663-011B-4682-9D48-B9E5B597E5AB}.Release|Any CPU.Deploy.0 = Release|Any CPU
		{B8CF03BC-0DDB-439C-AF78-8DB49A06CB73}.Debug|Any CPU.ActiveCfg = Debug|Any CPU
		{B8CF03BC-0DDB-439C-AF78-8DB49A06CB73}.Debug|Any CPU.Build.0 = Debug|Any CPU
		{B8CF03BC-0DDB-439C-AF78-8DB49A06CB73}.Release|Any CPU.ActiveCfg = Release|Any CPU
		{B8CF03BC-0DDB-439C-AF78-8DB49A06CB73}.Release|Any CPU.Build.0 = Release|Any CPU
	EndGlobalSection
	GlobalSection(SolutionProperties) = preSolution
		HideSolutionNode = FALSE
	EndGlobalSection
EndGlobal
